
Microsoft Visual Studio Solution File, Format Version 12.00
# Visual Studio Version 17
VisualStudioVersion = 17.3.32804.467
MinimumVisualStudioVersion = 10.0.40219.1
Project("{FAE04EC0-301F-11D3-BF4B-00C04F79EFBC}") = "URLShortener", "URLShortener\URLShortener.csproj", "{D3990BC5-510F-4E74-B209-819ED08A258D}"
EndProject
Global
	GlobalSection(SolutionConfigurationPlatforms) = preSolution
		Debug|Any CPU = Debug|Any CPU
		Release|Any CPU = Release|Any CPU
	EndGlobalSection
	GlobalSection(ProjectConfigurationPlatforms) = postSolution
		{D3990BC5-510F-4E74-B209-819ED08A258D}.Debug|Any CPU.ActiveCfg = Debug|Any CPU
		{D3990BC5-510F-4E74-B209-819ED08A258D}.Debug|Any CPU.Build.0 = Debug|Any CPU
		{D3990BC5-510F-4E74-B209-819ED08A258D}.Release|Any CPU.ActiveCfg = Release|Any CPU
		{D3990BC5-510F-4E74-B209-819ED08A258D}.Release|Any CPU.Build.0 = Release|Any CPU
	EndGlobalSection
	GlobalSection(SolutionProperties) = preSolution
		HideSolutionNode = FALSE
	EndGlobalSection
	GlobalSection(ExtensibilityGlobals) = postSolution
		SolutionGuid = {761330F7-9320-41CC-AAF6-0FE43E488A46}
	EndGlobalSection
EndGlobal
